
Microsoft Visual Studio Solution File, Format Version 12.00
# Visual Studio Version 17
VisualStudioVersion = 17.11.35327.3
MinimumVisualStudioVersion = 10.0.40219.1
Project("{FAE04EC0-301F-11D3-BF4B-00C04F79EFBC}") = "Lab4.2", "Lab4.2\Lab4.2.csproj", "{79CB77A7-B853-4F4F-B677-20BCDD737FBB}"
EndProject
Global
	GlobalSection(SolutionConfigurationPlatforms) = preSolution
		Debug|Any CPU = Debug|Any CPU
		Release|Any CPU = Release|Any CPU
	EndGlobalSection
	GlobalSection(ProjectConfigurationPlatforms) = postSolution
		{79CB77A7-B853-4F4F-B677-20BCDD737FBB}.Debug|Any CPU.ActiveCfg = Debug|Any CPU
		{79CB77A7-B853-4F4F-B677-20BCDD737FBB}.Debug|Any CPU.Build.0 = Debug|Any CPU
		{79CB77A7-B853-4F4F-B677-20BCDD737FBB}.Release|Any CPU.ActiveCfg = Release|Any CPU
		{79CB77A7-B853-4F4F-B677-20BCDD737FBB}.Release|Any CPU.Build.0 = Release|Any CPU
	EndGlobalSection
	GlobalSection(SolutionProperties) = preSolution
		HideSolutionNode = FALSE
	EndGlobalSection
	GlobalSection(ExtensibilityGlobals) = postSolution
		SolutionGuid = {A68BE3AD-394C-49E5-8D38-52B6A9E12C76}
	EndGlobalSection
EndGlobal
